
Microsoft Visual Studio Solution File, Format Version 12.00
# Visual Studio 15
VisualStudioVersion = 15.0.27130.2027
MinimumVisualStudioVersion = 10.0.40219.1
Project("{2150E333-8FDC-42A3-9474-1A3956D46DE8}") = "Aulas", "Aulas", "{6474456B-3094-4366-B537-73466B93B359}"
EndProject
Project("{2150E333-8FDC-42A3-9474-1A3956D46DE8}") = "Aula1", "Aula1", "{DB8DFF59-3111-4662-AA62-AE4381A34539}"
EndProject
Project("{2150E333-8FDC-42A3-9474-1A3956D46DE8}") = "antes", "antes", "{2EBF0A4B-E9C8-4A23-955D-129141D6F42E}"
EndProject
Project("{9A19103F-16F7-4668-BE54-9A1E7A4F7556}") = "CasaDoCodigo.aula1.antes", "Aulas\Aula1\antes\CasaDoCodigo\CasaDoCodigo.aula1.antes.csproj", "{0558CC9B-1009-4A9E-8172-B4F7CE65ACE0}"
EndProject
Project("{2150E333-8FDC-42A3-9474-1A3956D46DE8}") = "depois", "depois", "{852D9B19-4B78-4ECC-BFD7-96787031D41A}"
EndProject
Project("{2150E333-8FDC-42A3-9474-1A3956D46DE8}") = "Aula2", "Aula2", "{291BE6E0-7FAC-42C2-ACAA-3E7D7BED337F}"
EndProject
Project("{2150E333-8FDC-42A3-9474-1A3956D46DE8}") = "antes", "antes", "{95373424-7413-4700-AA10-2F4A25DDF050}"
EndProject
Project("{2150E333-8FDC-42A3-9474-1A3956D46DE8}") = "depois", "depois", "{A76B3F31-9480-476B-8013-94609C0DA48E}"
EndProject
Project("{2150E333-8FDC-42A3-9474-1A3956D46DE8}") = "Aula3", "Aula3", "{F8AABE9C-FC3D-4722-8662-E473F6C058B1}"
EndProject
Project("{2150E333-8FDC-42A3-9474-1A3956D46DE8}") = "antes", "antes", "{C3DCB204-C157-4A99-BCA3-30DB9C78F63F}"
EndProject
Project("{2150E333-8FDC-42A3-9474-1A3956D46DE8}") = "depois", "depois", "{258F8B52-EB83-44DC-BDB5-F9D7756660F2}"
EndProject
Project("{2150E333-8FDC-42A3-9474-1A3956D46DE8}") = "Aula4", "Aula4", "{6E11BA6D-A908-49DF-A8C4-C89FA90CDF70}"
EndProject
Project("{2150E333-8FDC-42A3-9474-1A3956D46DE8}") = "antes", "antes", "{8A4D3BDC-BC7F-4287-BEFA-713C3AE15BBA}"
EndProject
Project("{2150E333-8FDC-42A3-9474-1A3956D46DE8}") = "depois", "depois", "{2055BFD4-C7F0-45EB-ADC5-0C411E20DA2D}"
EndProject
Project("{2150E333-8FDC-42A3-9474-1A3956D46DE8}") = "Aula5", "Aula5", "{4631F2C0-C039-4806-B924-40ED10895E49}"
EndProject
Project("{2150E333-8FDC-42A3-9474-1A3956D46DE8}") = "antes", "antes", "{D0D8388D-3519-46AE-A06E-F2DDEEDAF219}"
EndProject
Project("{2150E333-8FDC-42A3-9474-1A3956D46DE8}") = "depois", "depois", "{E33B064D-0B77-4015-9EB0-DEEE391FAAF0}"
EndProject
Project("{9A19103F-16F7-4668-BE54-9A1E7A4F7556}") = "CasaDoCodigo.aula1.depois", "Aulas\Aula1\depois\CasaDoCodigo\CasaDoCodigo.aula1.depois.csproj", "{06785B58-4AC5-4AEF-8DAE-513A66C02497}"
EndProject
Project("{9A19103F-16F7-4668-BE54-9A1E7A4F7556}") = "CasaDoCodigo.aula2.antes", "Aulas\Aula2\antes\CasaDoCodigo\CasaDoCodigo.aula2.antes.csproj", "{0F016733-5000-41C3-BD1C-10551ECF355E}"
EndProject
Project("{9A19103F-16F7-4668-BE54-9A1E7A4F7556}") = "CasaDoCodigo.aula2.depois", "Aulas\Aula2\depois\CasaDoCodigo\CasaDoCodigo.aula2.depois.csproj", "{85298179-B1D3-483E-A091-3FA76218B6BC}"
EndProject
Project("{9A19103F-16F7-4668-BE54-9A1E7A4F7556}") = "CasaDoCodigo.aula3.antes", "Aulas\Aula3\antes\CasaDoCodigo\CasaDoCodigo.aula3.antes.csproj", "{D01668A9-150A-4A2B-BAD8-DC5E77D61152}"
EndProject
Project("{9A19103F-16F7-4668-BE54-9A1E7A4F7556}") = "CasaDoCodigo.aula3.depois", "Aulas\Aula3\depois\CasaDoCodigo\CasaDoCodigo.aula3.depois.csproj", "{1513DBD2-5D0F-44AE-B032-A836CA285CB1}"
EndProject
Project("{9A19103F-16F7-4668-BE54-9A1E7A4F7556}") = "CasaDoCodigo.aula4.antes", "Aulas\Aula4\antes\CasaDoCodigo\CasaDoCodigo.aula4.antes.csproj", "{A44846F4-F2D4-4E9D-AFB1-C1C7BB76E7C9}"
EndProject
Project("{9A19103F-16F7-4668-BE54-9A1E7A4F7556}") = "CasaDoCodigo.aula4.depois", "Aulas\Aula4\depois\CasaDoCodigo\CasaDoCodigo.aula4.depois.csproj", "{C48C769C-45CB-4F59-B877-537B62E2543A}"
EndProject
Project("{9A19103F-16F7-4668-BE54-9A1E7A4F7556}") = "CasaDoCodigo.aula5.antes", "Aulas\Aula5\antes\CasaDoCodigo\CasaDoCodigo.aula5.antes.csproj", "{7809EE82-C64E-49F0-89CD-9C3D6AB0E035}"
EndProject
Project("{9A19103F-16F7-4668-BE54-9A1E7A4F7556}") = "CasaDoCodigo.aula5.depois", "Aulas\Aula5\depois\CasaDoCodigo\CasaDoCodigo.aula5.depois.csproj", "{D8C7B62F-8E0D-403B-9475-8EA88A4C6610}"
EndProject
Global
	GlobalSection(SolutionConfigurationPlatforms) = preSolution
		Debug|Any CPU = Debug|Any CPU
		Release|Any CPU = Release|Any CPU
	EndGlobalSection
	GlobalSection(ProjectConfigurationPlatforms) = postSolution
		{0558CC9B-1009-4A9E-8172-B4F7CE65ACE0}.Debug|Any CPU.ActiveCfg = Debug|Any CPU
		{0558CC9B-1009-4A9E-8172-B4F7CE65ACE0}.Debug|Any CPU.Build.0 = Debug|Any CPU
		{0558CC9B-1009-4A9E-8172-B4F7CE65ACE0}.Release|Any CPU.ActiveCfg = Release|Any CPU
		{0558CC9B-1009-4A9E-8172-B4F7CE65ACE0}.Release|Any CPU.Build.0 = Release|Any CPU
		{06785B58-4AC5-4AEF-8DAE-513A66C02497}.Debug|Any CPU.ActiveCfg = Debug|Any CPU
		{06785B58-4AC5-4AEF-8DAE-513A66C02497}.Debug|Any CPU.Build.0 = Debug|Any CPU
		{06785B58-4AC5-4AEF-8DAE-513A66C02497}.Release|Any CPU.ActiveCfg = Release|Any CPU
		{06785B58-4AC5-4AEF-8DAE-513A66C02497}.Release|Any CPU.Build.0 = Release|Any CPU
		{0F016733-5000-41C3-BD1C-10551ECF355E}.Debug|Any CPU.ActiveCfg = Debug|Any CPU
		{0F016733-5000-41C3-BD1C-10551ECF355E}.Debug|Any CPU.Build.0 = Debug|Any CPU
		{0F016733-5000-41C3-BD1C-10551ECF355E}.Release|Any CPU.ActiveCfg = Release|Any CPU
		{0F016733-5000-41C3-BD1C-10551ECF355E}.Release|Any CPU.Build.0 = Release|Any CPU
		{85298179-B1D3-483E-A091-3FA76218B6BC}.Debug|Any CPU.ActiveCfg = Debug|Any CPU
		{85298179-B1D3-483E-A091-3FA76218B6BC}.Debug|Any CPU.Build.0 = Debug|Any CPU
		{85298179-B1D3-483E-A091-3FA76218B6BC}.Release|Any CPU.ActiveCfg = Release|Any CPU
		{85298179-B1D3-483E-A091-3FA76218B6BC}.Release|Any CPU.Build.0 = Release|Any CPU
		{D01668A9-150A-4A2B-BAD8-DC5E77D61152}.Debug|Any CPU.ActiveCfg = Debug|Any CPU
		{D01668A9-150A-4A2B-BAD8-DC5E77D61152}.Debug|Any CPU.Build.0 = Debug|Any CPU
		{D01668A9-150A-4A2B-BAD8-DC5E77D61152}.Release|Any CPU.ActiveCfg = Release|Any CPU
		{D01668A9-150A-4A2B-BAD8-DC5E77D61152}.Release|Any CPU.Build.0 = Release|Any CPU
		{1513DBD2-5D0F-44AE-B032-A836CA285CB1}.Debug|Any CPU.ActiveCfg = Debug|Any CPU
		{1513DBD2-5D0F-44AE-B032-A836CA285CB1}.Debug|Any CPU.Build.0 = Debug|Any CPU
		{1513DBD2-5D0F-44AE-B032-A836CA285CB1}.Release|Any CPU.ActiveCfg = Release|Any CPU
		{1513DBD2-5D0F-44AE-B032-A836CA285CB1}.Release|Any CPU.Build.0 = Release|Any CPU
		{A44846F4-F2D4-4E9D-AFB1-C1C7BB76E7C9}.Debug|Any CPU.ActiveCfg = Debug|Any CPU
		{A44846F4-F2D4-4E9D-AFB1-C1C7BB76E7C9}.Debug|Any CPU.Build.0 = Debug|Any CPU
		{A44846F4-F2D4-4E9D-AFB1-C1C7BB76E7C9}.Release|Any CPU.ActiveCfg = Release|Any CPU
		{A44846F4-F2D4-4E9D-AFB1-C1C7BB76E7C9}.Release|Any CPU.Build.0 = Release|Any CPU
		{C48C769C-45CB-4F59-B877-537B62E2543A}.Debug|Any CPU.ActiveCfg = Debug|Any CPU
		{C48C769C-45CB-4F59-B877-537B62E2543A}.Debug|Any CPU.Build.0 = Debug|Any CPU
		{C48C769C-45CB-4F59-B877-537B62E2543A}.Release|Any CPU.ActiveCfg = Release|Any CPU
		{C48C769C-45CB-4F59-B877-537B62E2543A}.Release|Any CPU.Build.0 = Release|Any CPU
		{7809EE82-C64E-49F0-89CD-9C3D6AB0E035}.Debug|Any CPU.ActiveCfg = Debug|Any CPU
		{7809EE82-C64E-49F0-89CD-9C3D6AB0E035}.Debug|Any CPU.Build.0 = Debug|Any CPU
		{7809EE82-C64E-49F0-89CD-9C3D6AB0E035}.Release|Any CPU.ActiveCfg = Release|Any CPU
		{7809EE82-C64E-49F0-89CD-9C3D6AB0E035}.Release|Any CPU.Build.0 = Release|Any CPU
		{D8C7B62F-8E0D-403B-9475-8EA88A4C6610}.Debug|Any CPU.ActiveCfg = Debug|Any CPU
		{D8C7B62F-8E0D-403B-9475-8EA88A4C6610}.Debug|Any CPU.Build.0 = Debug|Any CPU
		{D8C7B62F-8E0D-403B-9475-8EA88A4C6610}.Release|Any CPU.ActiveCfg = Release|Any CPU
		{D8C7B62F-8E0D-403B-9475-8EA88A4C6610}.Release|Any CPU.Build.0 = Release|Any CPU
	EndGlobalSection
	GlobalSection(SolutionProperties) = preSolution
		HideSolutionNode = FALSE
	EndGlobalSection
	GlobalSection(NestedProjects) = preSolution
		{DB8DFF59-3111-4662-AA62-AE4381A34539} = {6474456B-3094-4366-B537-73466B93B359}
		{2EBF0A4B-E9C8-4A23-955D-129141D6F42E} = {DB8DFF59-3111-4662-AA62-AE4381A34539}
		{0558CC9B-1009-4A9E-8172-B4F7CE65ACE0} = {2EBF0A4B-E9C8-4A23-955D-129141D6F42E}
		{852D9B19-4B78-4ECC-BFD7-96787031D41A} = {DB8DFF59-3111-4662-AA62-AE4381A34539}
		{291BE6E0-7FAC-42C2-ACAA-3E7D7BED337F} = {6474456B-3094-4366-B537-73466B93B359}
		{95373424-7413-4700-AA10-2F4A25DDF050} = {291BE6E0-7FAC-42C2-ACAA-3E7D7BED337F}
		{A76B3F31-9480-476B-8013-94609C0DA48E} = {291BE6E0-7FAC-42C2-ACAA-3E7D7BED337F}
		{F8AABE9C-FC3D-4722-8662-E473F6C058B1} = {6474456B-3094-4366-B537-73466B93B359}
		{C3DCB204-C157-4A99-BCA3-30DB9C78F63F} = {F8AABE9C-FC3D-4722-8662-E473F6C058B1}
		{258F8B52-EB83-44DC-BDB5-F9D7756660F2} = {F8AABE9C-FC3D-4722-8662-E473F6C058B1}
		{6E11BA6D-A908-49DF-A8C4-C89FA90CDF70} = {6474456B-3094-4366-B537-73466B93B359}
		{8A4D3BDC-BC7F-4287-BEFA-713C3AE15BBA} = {6E11BA6D-A908-49DF-A8C4-C89FA90CDF70}
		{2055BFD4-C7F0-45EB-ADC5-0C411E20DA2D} = {6E11BA6D-A908-49DF-A8C4-C89FA90CDF70}
		{4631F2C0-C039-4806-B924-40ED10895E49} = {6474456B-3094-4366-B537-73466B93B359}
		{D0D8388D-3519-46AE-A06E-F2DDEEDAF219} = {4631F2C0-C039-4806-B924-40ED10895E49}
		{E33B064D-0B77-4015-9EB0-DEEE391FAAF0} = {4631F2C0-C039-4806-B924-40ED10895E49}
		{06785B58-4AC5-4AEF-8DAE-513A66C02497} = {852D9B19-4B78-4ECC-BFD7-96787031D41A}
		{0F016733-5000-41C3-BD1C-10551ECF355E} = {95373424-7413-4700-AA10-2F4A25DDF050}
		{85298179-B1D3-483E-A091-3FA76218B6BC} = {A76B3F31-9480-476B-8013-94609C0DA48E}
		{D01668A9-150A-4A2B-BAD8-DC5E77D61152} = {C3DCB204-C157-4A99-BCA3-30DB9C78F63F}
		{1513DBD2-5D0F-44AE-B032-A836CA285CB1} = {258F8B52-EB83-44DC-BDB5-F9D7756660F2}
		{A44846F4-F2D4-4E9D-AFB1-C1C7BB76E7C9} = {8A4D3BDC-BC7F-4287-BEFA-713C3AE15BBA}
		{C48C769C-45CB-4F59-B877-537B62E2543A} = {2055BFD4-C7F0-45EB-ADC5-0C411E20DA2D}
		{7809EE82-C64E-49F0-89CD-9C3D6AB0E035} = {D0D8388D-3519-46AE-A06E-F2DDEEDAF219}
		{D8C7B62F-8E0D-403B-9475-8EA88A4C6610} = {E33B064D-0B77-4015-9EB0-DEEE391FAAF0}
	EndGlobalSection
	GlobalSection(ExtensibilityGlobals) = postSolution
		SolutionGuid = {6FED210B-3460-45CF-9C4D-877F0D63546F}
	EndGlobalSection
EndGlobal
